{
  "name": "tx-decoder",
  "lockfileVersion": 2,
  "requires": true,
  "packages": {
    "": {
      "dependencies": {
        "axios": "^0.21.1",
        "bignumber.js": "^9.0.1",
        "deep-object-diff": "^1.1.0"
      }
    },
    "node_modules/axios": {
      "version": "0.21.1",
      "resolved": "https://registry.npmjs.org/axios/-/axios-0.21.1.tgz",
      "integrity": "sha512-dKQiRHxGD9PPRIUNIWvZhPTPpl1rf/OxTYKsqKUDjBwYylTvV7SjSHJb9ratfyzM6wCdLCOYLzs73qpg5c4iGA==",
      "dependencies": {
        "follow-redirects": "^1.10.0"
      }
    },
    "node_modules/bignumber.js": {
      "version": "9.0.1",
      "resolved": "https://registry.npmjs.org/bignumber.js/-/bignumber.js-9.0.1.tgz",
      "integrity": "sha512-IdZR9mh6ahOBv/hYGiXyVuyCetmGJhtYkqLBpTStdhEGjegpPlUawydyaF3pbIOFynJTpllEs+NP+CS9jKFLjA==",
      "engines": {
        "node": "*"
      }
    },
    "node_modules/deep-object-diff": {
      "version": "1.1.0",
      "resolved": "https://registry.npmjs.org/deep-object-diff/-/deep-object-diff-1.1.0.tgz",
      "integrity": "sha512-b+QLs5vHgS+IoSNcUE4n9HP2NwcHj7aqnJWsjPtuG75Rh5TOaGt0OjAYInh77d5T16V5cRDC+Pw/6ZZZiETBGw=="
    },
    "node_modules/follow-redirects": {
      "version": "1.14.1",
      "resolved": "https://registry.npmjs.org/follow-redirects/-/follow-redirects-1.14.1.tgz",
      "integrity": "sha512-HWqDgT7ZEkqRzBvc2s64vSZ/hfOceEol3ac/7tKwzuvEyWx3/4UegXh5oBOIotkGsObyk3xznnSRVADBgWSQVg==",
      "funding": [
        {
          "type": "individual",
          "url": "https://github.com/sponsors/RubenVerborgh"
        }
      ],
      "engines": {
        "node": ">=4.0"
      },
      "peerDependenciesMeta": {
        "debug": {
          "optional": true
        }
      }
    }
  },
  "dependencies": {
    "axios": {
      "version": "0.21.1",
      "resolved": "https://registry.npmjs.org/axios/-/axios-0.21.1.tgz",
      "integrity": "sha512-dKQiRHxGD9PPRIUNIWvZhPTPpl1rf/OxTYKsqKUDjBwYylTvV7SjSHJb9ratfyzM6wCdLCOYLzs73qpg5c4iGA==",
      "requires": {
        "follow-redirects": "^1.10.0"
      }
    },
    "bignumber.js": {
      "version": "9.0.1",
      "resolved": "https://registry.npmjs.org/bignumber.js/-/bignumber.js-9.0.1.tgz",
      "integrity": "sha512-IdZR9mh6ahOBv/hYGiXyVuyCetmGJhtYkqLBpTStdhEGjegpPlUawydyaF3pbIOFynJTpllEs+NP+CS9jKFLjA=="
    },
    "deep-object-diff": {
      "version": "1.1.0",
      "resolved": "https://registry.npmjs.org/deep-object-diff/-/deep-object-diff-1.1.0.tgz",
      "integrity": "sha512-b+QLs5vHgS+IoSNcUE4n9HP2NwcHj7aqnJWsjPtuG75Rh5TOaGt0OjAYInh77d5T16V5cRDC+Pw/6ZZZiETBGw=="
    },
    "follow-redirects": {
      "version": "1.14.1",
      "resolved": "https://registry.npmjs.org/follow-redirects/-/follow-redirects-1.14.1.tgz",
      "integrity": "sha512-HWqDgT7ZEkqRzBvc2s64vSZ/hfOceEol3ac/7tKwzuvEyWx3/4UegXh5oBOIotkGsObyk3xznnSRVADBgWSQVg=="
    }
  }
}
